github.com/whynotavailable/svc v0.2.0 h1:3YwPnsgNRAwwBs+EGcLVvsHLT1RudvNC1mq6pxEVmDg=
github.com/whynotavailable/svc v0.2.0/go.mod h1:X6R2TBRCj1aVnyO56mQvq9Tr+W5K0tAjg5ntFcWUVo0=
github.com/whynotavailable/svc v0.2.1 h1:/gPWmx3Vo3+xXTHBhkkDfZHqf7SH14tlEoxcT0Dlhp8=
github.com/whynotavailable/svc v0.2.1/go.mod h1:X6R2TBRCj1aVnyO56mQvq9Tr+W5K0tAjg5ntFcWUVo0=
